
Microsoft Visual Studio Solution File, Format Version 12.00
# Visual Studio Version 17
VisualStudioVersion = 17.10.35122.118
MinimumVisualStudioVersion = 10.0.40219.1
Project("{FAE04EC0-301F-11D3-BF4B-00C04F79EFBC}") = "AuthTest_RoleBased", "AuthTest_RoleBased\AuthTest_RoleBased.csproj", "{58AF93CF-AA60-44D4-8CD0-FCEA7C19C31E}"
EndProject
Global
	GlobalSection(SolutionConfigurationPlatforms) = preSolution
		Debug|Any CPU = Debug|Any CPU
		Release|Any CPU = Release|Any CPU
	EndGlobalSection
	GlobalSection(ProjectConfigurationPlatforms) = postSolution
		{58AF93CF-AA60-44D4-8CD0-FCEA7C19C31E}.Debug|Any CPU.ActiveCfg = Debug|Any CPU
		{58AF93CF-AA60-44D4-8CD0-FCEA7C19C31E}.Debug|Any CPU.Build.0 = Debug|Any CPU
		{58AF93CF-AA60-44D4-8CD0-FCEA7C19C31E}.Release|Any CPU.ActiveCfg = Release|Any CPU
		{58AF93CF-AA60-44D4-8CD0-FCEA7C19C31E}.Release|Any CPU.Build.0 = Release|Any CPU
	EndGlobalSection
	GlobalSection(SolutionProperties) = preSolution
		HideSolutionNode = FALSE
	EndGlobalSection
	GlobalSection(ExtensibilityGlobals) = postSolution
		SolutionGuid = {F737A3D4-6591-45F3-8402-5C08A6FC6FB6}
	EndGlobalSection
EndGlobal
